
Microsoft Visual Studio Solution File, Format Version 12.00
# Visual Studio Version 16
VisualStudioVersion = 16.0.30503.244
MinimumVisualStudioVersion = 10.0.40219.1
Project("{9A19103F-16F7-4668-BE54-9A1E7A4F7556}") = "HeyCurator_MVC", "HeyCurator_MVC\HeyCurator_MVC.csproj", "{702A05E0-4900-42EF-8CE3-4594DE07B319}"
EndProject
Global
	GlobalSection(SolutionConfigurationPlatforms) = preSolution
		Debug|Any CPU = Debug|Any CPU
		Release|Any CPU = Release|Any CPU
	EndGlobalSection
	GlobalSection(ProjectConfigurationPlatforms) = postSolution
		{702A05E0-4900-42EF-8CE3-4594DE07B319}.Debug|Any CPU.ActiveCfg = Debug|Any CPU
		{702A05E0-4900-42EF-8CE3-4594DE07B319}.Debug|Any CPU.Build.0 = Debug|Any CPU
		{702A05E0-4900-42EF-8CE3-4594DE07B319}.Release|Any CPU.ActiveCfg = Release|Any CPU
		{702A05E0-4900-42EF-8CE3-4594DE07B319}.Release|Any CPU.Build.0 = Release|Any CPU
	EndGlobalSection
	GlobalSection(SolutionProperties) = preSolution
		HideSolutionNode = FALSE
	EndGlobalSection
	GlobalSection(ExtensibilityGlobals) = postSolution
		SolutionGuid = {532F4900-B94A-47F5-AD45-E4BE90D69A78}
	EndGlobalSection
EndGlobal
